{
  "object": {
    "pins": [
      {
        "package": "swift-nio",
        "repositoryURL": "https://github.com/apple/swift-nio.git",
        "state": {
          "branch": null,
          "revision": "ffa6a871f7520b4208f56fe97d1ac2bda545b237",
          "version": null
        }
      }
    ]
  },
  "version": 1
}
