{
  "object": {
    "pins": [
      {
        "package": "swift-nio",
        "repositoryURL": "https://github.com/Austinpayne/swift-nio.git",
        "state": {
          "branch": "feature/dgram-pktinfo",
          "revision": "2538facea1a7c1b15acfa1a0c093e6b54eb0da7a",
          "version": null
        }
      }
    ]
  },
  "version": 1
}
